// !$*UTF8*$!
{
	archiveVersion = 1;
	classes = {
	};
	objectVersion = 51;
	objects = {

/* Begin PBXBuildFile section */
		5E81FAFCEA7EE85CECE706C8 /* Pods_OTPTests.framework in Frameworks */ = {isa = PBXBuildFile; fileRef = 24606D5674CF2C47E99BF1EF /* Pods_OTPTests.framework */; };
		8B59FC07703F2F48C6EB7652 /* Pods_OTP.framework in Frameworks */ = {isa = PBXBuildFile; fileRef = 0AB971BC414C82E2C9D074FD /* Pods_OTP.framework */; };
		9E1BA3592524A3AB0099DCA3 /* AppDelegate.swift in Sources */ = {isa = PBXBuildFile; fileRef = 9E1BA3582524A3AB0099DCA3 /* AppDelegate.swift */; };
		9E1BA35B2524A3AB0099DCA3 /* SceneDelegate.swift in Sources */ = {isa = PBXBuildFile; fileRef = 9E1BA35A2524A3AB0099DCA3 /* SceneDelegate.swift */; };
		9E1BA35D2524A3AB0099DCA3 /* ContentView.swift in Sources */ = {isa = PBXBuildFile; fileRef = 9E1BA35C2524A3AB0099DCA3 /* ContentView.swift */; };
		9E1BA35F2524A3AC0099DCA3 /* Assets.xcassets in Resources */ = {isa = PBXBuildFile; fileRef = 9E1BA35E2524A3AC0099DCA3 /* Assets.xcassets */; };
		9E1BA3622524A3AC0099DCA3 /* Preview Assets.xcassets in Resources */ = {isa = PBXBuildFile; fileRef = 9E1BA3612524A3AC0099DCA3 /* Preview Assets.xcassets */; };
		9E1BA3652524A3AC0099DCA3 /* LaunchScreen.storyboard in Resources */ = {isa = PBXBuildFile; fileRef = 9E1BA3632524A3AC0099DCA3 /* LaunchScreen.storyboard */; };
		9E1BA3702524A3AC0099DCA3 /* OTPTests.swift in Sources */ = {isa = PBXBuildFile; fileRef = 9E1BA36F2524A3AC0099DCA3 /* OTPTests.swift */; };
		9E1BA37B2524A3AC0099DCA3 /* OTPUITests.swift in Sources */ = {isa = PBXBuildFile; fileRef = 9E1BA37A2524A3AC0099DCA3 /* OTPUITests.swift */; };
		9E1BA38C2524A6AA0099DCA3 /* GoogleService-Info.plist in Resources */ = {isa = PBXBuildFile; fileRef = 9E1BA38B2524A6AA0099DCA3 /* GoogleService-Info.plist */; };
		9EBDCB3F25252C3100EDB4A6 /* ImagePicker.swift in Sources */ = {isa = PBXBuildFile; fileRef = 9EBDCB3E25252C3100EDB4A6 /* ImagePicker.swift */; };
		9EBDCB4425252C5E00EDB4A6 /* Indicator.swift in Sources */ = {isa = PBXBuildFile; fileRef = 9EBDCB4325252C5E00EDB4A6 /* Indicator.swift */; };
		9EBDCB4C25252C8E00EDB4A6 /* AccountCreation.swift in Sources */ = {isa = PBXBuildFile; fileRef = 9EBDCB4B25252C8E00EDB4A6 /* AccountCreation.swift */; };
		9EBDCB5925252CCE00EDB4A6 /* Home.swift in Sources */ = {isa = PBXBuildFile; fileRef = 9EBDCB5825252CCE00EDB4A6 /* Home.swift */; };
		9EBDCB5E25252CF300EDB4A6 /* SecondPage.swift in Sources */ = {isa = PBXBuildFile; fileRef = 9EBDCB5D25252CF300EDB4A6 /* SecondPage.swift */; };
		9EBDCB6325252D1C00EDB4A6 /* FirstPage.swift in Sources */ = {isa = PBXBuildFile; fileRef = 9EBDCB6225252D1C00EDB4A6 /* FirstPage.swift */; };
		9EBDCB6825252D5100EDB4A6 /* CheckUser.swift in Sources */ = {isa = PBXBuildFile; fileRef = 9EBDCB6725252D5100EDB4A6 /* CheckUser.swift */; };
		9EBDCB6D25252D7900EDB4A6 /* CreateUser.swift in Sources */ = {isa = PBXBuildFile; fileRef = 9EBDCB6C25252D7900EDB4A6 /* CreateUser.swift */; };
		E29948C11A9AB12B1308E13A /* Pods_OTP_OTPUITests.framework in Frameworks */ = {isa = PBXBuildFile; fileRef = BD95A92D59723B494543E58A /* Pods_OTP_OTPUITests.framework */; };
/* End PBXBuildFile section */

/* Begin PBXContainerItemProxy section */
		9E1BA36C2524A3AC0099DCA3 /* PBXContainerItemProxy */ = {
			isa = PBXContainerItemProxy;
			containerPortal = 9E1BA34D2524A3AB0099DCA3 /* Project object */;
			proxyType = 1;
			remoteGlobalIDString = 9E1BA3542524A3AB0099DCA3;
			remoteInfo = OTP;
		};
		9E1BA3772524A3AC0099DCA3 /* PBXContainerItemProxy */ = {
			isa = PBXContainerItemProxy;
			containerPortal = 9E1BA34D2524A3AB0099DCA3 /* Project object */;
			proxyType = 1;
			remoteGlobalIDString = 9E1BA3542524A3AB0099DCA3;
			remoteInfo = OTP;
		};
/* End PBXContainerItemProxy section */

/* Begin PBXFileReference section */
		06A241CD5F17B799C76759FD /* Pods-OTP-OTPUITests.release.xcconfig */ = {isa = PBXFileReference; includeInIndex = 1; lastKnownFileType = text.xcconfig; name = "Pods-OTP-OTPUITests.release.xcconfig"; path = "Target Support Files/Pods-OTP-OTPUITests/Pods-OTP-OTPUITests.release.xcconfig"; sourceTree = "<group>"; };
		0AB971BC414C82E2C9D074FD /* Pods_OTP.framework */ = {isa = PBXFileReference; explicitFileType = wrapper.framework; includeInIndex = 0; path = Pods_OTP.framework; sourceTree = BUILT_PRODUCTS_DIR; };
		1B63DE10217D9D7F1E6F25FD /* Pods-OTPTests.release.xcconfig */ = {isa = PBXFileReference; includeInIndex = 1; lastKnownFileType = text.xcconfig; name = "Pods-OTPTests.release.xcconfig"; path = "Target Support Files/Pods-OTPTests/Pods-OTPTests.release.xcconfig"; sourceTree = "<group>"; };
		24606D5674CF2C47E99BF1EF /* Pods_OTPTests.framework */ = {isa = PBXFileReference; explicitFileType = wrapper.framework; includeInIndex = 0; path = Pods_OTPTests.framework; sourceTree = BUILT_PRODUCTS_DIR; };
		34832F05DF0C0D8F219231B3 /* Pods-OTP.debug.xcconfig */ = {isa = PBXFileReference; includeInIndex = 1; lastKnownFileType = text.xcconfig; name = "Pods-OTP.debug.xcconfig"; path = "Target Support Files/Pods-OTP/Pods-OTP.debug.xcconfig"; sourceTree = "<group>"; };
		6F251A8BE0D5A86FC9DC2111 /* Pods-OTP-OTPUITests.debug.xcconfig */ = {isa = PBXFileReference; includeInIndex = 1; lastKnownFileType = text.xcconfig; name = "Pods-OTP-OTPUITests.debug.xcconfig"; path = "Target Support Files/Pods-OTP-OTPUITests/Pods-OTP-OTPUITests.debug.xcconfig"; sourceTree = "<group>"; };
		997CB1C1173F292399245E5B /* Pods-OTP.release.xcconfig */ = {isa = PBXFileReference; includeInIndex = 1; lastKnownFileType = text.xcconfig; name = "Pods-OTP.release.xcconfig"; path = "Target Support Files/Pods-OTP/Pods-OTP.release.xcconfig"; sourceTree = "<group>"; };
		9E1BA3552524A3AB0099DCA3 /* OTP.app */ = {isa = PBXFileReference; explicitFileType = wrapper.application; includeInIndex = 0; path = OTP.app; sourceTree = BUILT_PRODUCTS_DIR; };
		9E1BA3582524A3AB0099DCA3 /* AppDelegate.swift */ = {isa = PBXFileReference; lastKnownFileType = sourcecode.swift; path = AppDelegate.swift; sourceTree = "<group>"; };
		9E1BA35A2524A3AB0099DCA3 /* SceneDelegate.swift */ = {isa = PBXFileReference; lastKnownFileType = sourcecode.swift; path = SceneDelegate.swift; sourceTree = "<group>"; };
		9E1BA35C2524A3AB0099DCA3 /* ContentView.swift */ = {isa = PBXFileReference; lastKnownFileType = sourcecode.swift; path = ContentView.swift; sourceTree = "<group>"; };
		9E1BA35E2524A3AC0099DCA3 /* Assets.xcassets */ = {isa = PBXFileReference; lastKnownFileType = folder.assetcatalog; path = Assets.xcassets; sourceTree = "<group>"; };
		9E1BA3612524A3AC0099DCA3 /* Preview Assets.xcassets */ = {isa = PBXFileReference; lastKnownFileType = folder.assetcatalog; path = "Preview Assets.xcassets"; sourceTree = "<group>"; };
		9E1BA3642524A3AC0099DCA3 /* Base */ = {isa = PBXFileReference; lastKnownFileType = file.storyboard; name = Base; path = Base.lproj/LaunchScreen.storyboard; sourceTree = "<group>"; };
		9E1BA3662524A3AC0099DCA3 /* Info.plist */ = {isa = PBXFileReference; lastKnownFileType = text.plist.xml; path = Info.plist; sourceTree = "<group>"; };
		9E1BA36B2524A3AC0099DCA3 /* OTPTests.xctest */ = {isa = PBXFileReference; explicitFileType = wrapper.cfbundle; includeInIndex = 0; path = OTPTests.xctest; sourceTree = BUILT_PRODUCTS_DIR; };
		9E1BA36F2524A3AC0099DCA3 /* OTPTests.swift */ = {isa = PBXFileReference; lastKnownFileType = sourcecode.swift; path = OTPTests.swift; sourceTree = "<group>"; };
		9E1BA3712524A3AC0099DCA3 /* Info.plist */ = {isa = PBXFileReference; lastKnownFileType = text.plist.xml; path = Info.plist; sourceTree = "<group>"; };
		9E1BA3762524A3AC0099DCA3 /* OTPUITests.xctest */ = {isa = PBXFileReference; explicitFileType = wrapper.cfbundle; includeInIndex = 0; path = OTPUITests.xctest; sourceTree = BUILT_PRODUCTS_DIR; };
		9E1BA37A2524A3AC0099DCA3 /* OTPUITests.swift */ = {isa = PBXFileReference; lastKnownFileType = sourcecode.swift; path = OTPUITests.swift; sourceTree = "<group>"; };
		9E1BA37C2524A3AC0099DCA3 /* Info.plist */ = {isa = PBXFileReference; lastKnownFileType = text.plist.xml; path = Info.plist; sourceTree = "<group>"; };
		9E1BA38B2524A6AA0099DCA3 /* GoogleService-Info.plist */ = {isa = PBXFileReference; fileEncoding = 4; lastKnownFileType = text.plist.xml; path = "GoogleService-Info.plist"; sourceTree = "<group>"; };
		9EBDCB3E25252C3100EDB4A6 /* ImagePicker.swift */ = {isa = PBXFileReference; lastKnownFileType = sourcecode.swift; path = ImagePicker.swift; sourceTree = "<group>"; };
		9EBDCB4325252C5E00EDB4A6 /* Indicator.swift */ = {isa = PBXFileReference; lastKnownFileType = sourcecode.swift; path = Indicator.swift; sourceTree = "<group>"; };
		9EBDCB4B25252C8E00EDB4A6 /* AccountCreation.swift */ = {isa = PBXFileReference; lastKnownFileType = sourcecode.swift; path = AccountCreation.swift; sourceTree = "<group>"; };
		9EBDCB5825252CCE00EDB4A6 /* Home.swift */ = {isa = PBXFileReference; lastKnownFileType = sourcecode.swift; path = Home.swift; sourceTree = "<group>"; };
		9EBDCB5D25252CF300EDB4A6 /* SecondPage.swift */ = {isa = PBXFileReference; lastKnownFileType = sourcecode.swift; path = SecondPage.swift; sourceTree = "<group>"; };
		9EBDCB6225252D1C00EDB4A6 /* FirstPage.swift */ = {isa = PBXFileReference; lastKnownFileType = sourcecode.swift; path = FirstPage.swift; sourceTree = "<group>"; };
		9EBDCB6725252D5100EDB4A6 /* CheckUser.swift */ = {isa = PBXFileReference; lastKnownFileType = sourcecode.swift; path = CheckUser.swift; sourceTree = "<group>"; };
		9EBDCB6C25252D7900EDB4A6 /* CreateUser.swift */ = {isa = PBXFileReference; lastKnownFileType = sourcecode.swift; path = CreateUser.swift; sourceTree = "<group>"; };
		BD95A92D59723B494543E58A /* Pods_OTP_OTPUITests.framework */ = {isa = PBXFileReference; explicitFileType = wrapper.framework; includeInIndex = 0; path = Pods_OTP_OTPUITests.framework; sourceTree = BUILT_PRODUCTS_DIR; };
		D6B8024A6B2A9ECE59893D66 /* Pods-OTPTests.debug.xcconfig */ = {isa = PBXFileReference; includeInIndex = 1; lastKnownFileType = text.xcconfig; name = "Pods-OTPTests.debug.xcconfig"; path = "Target Support Files/Pods-OTPTests/Pods-OTPTests.debug.xcconfig"; sourceTree = "<group>"; };
/* End PBXFileReference section */

/* Begin PBXFrameworksBuildPhase section */
		9E1BA3522524A3AB0099DCA3 /* Frameworks */ = {
			isa = PBXFrameworksBuildPhase;
			buildActionMask = 2147483647;
			files = (
				8B59FC07703F2F48C6EB7652 /* Pods_OTP.framework in Frameworks */,
			);
			runOnlyForDeploymentPostprocessing = 0;
		};
		9E1BA3682524A3AC0099DCA3 /* Frameworks */ = {
			isa = PBXFrameworksBuildPhase;
			buildActionMask = 2147483647;
			files = (
				5E81FAFCEA7EE85CECE706C8 /* Pods_OTPTests.framework in Frameworks */,
			);
			runOnlyForDeploymentPostprocessing = 0;
		};
		9E1BA3732524A3AC0099DCA3 /* Frameworks */ = {
			isa = PBXFrameworksBuildPhase;
			buildActionMask = 2147483647;
			files = (
				E29948C11A9AB12B1308E13A /* Pods_OTP_OTPUITests.framework in Frameworks */,
			);
			runOnlyForDeploymentPostprocessing = 0;
		};
/* End PBXFrameworksBuildPhase section */

/* Begin PBXGroup section */
		95BAE1D9E9237EA5AA2A38BF /* Frameworks */ = {
			isa = PBXGroup;
			children = (
				0AB971BC414C82E2C9D074FD /* Pods_OTP.framework */,
				BD95A92D59723B494543E58A /* Pods_OTP_OTPUITests.framework */,
				24606D5674CF2C47E99BF1EF /* Pods_OTPTests.framework */,
			);
			name = Frameworks;
			sourceTree = "<group>";
		};
		9E1BA34C2524A3AB0099DCA3 = {
			isa = PBXGroup;
			children = (
				9E1BA3572524A3AB0099DCA3 /* OTP */,
				9E1BA36E2524A3AC0099DCA3 /* OTPTests */,
				9E1BA3792524A3AC0099DCA3 /* OTPUITests */,
				9E1BA3562524A3AB0099DCA3 /* Products */,
				A92C40D9A5B6CD5DFCD29CFD /* Pods */,
				95BAE1D9E9237EA5AA2A38BF /* Frameworks */,
			);
			sourceTree = "<group>";
		};
		9E1BA3562524A3AB0099DCA3 /* Products */ = {
			isa = PBXGroup;
			children = (
				9E1BA3552524A3AB0099DCA3 /* OTP.app */,
				9E1BA36B2524A3AC0099DCA3 /* OTPTests.xctest */,
				9E1BA3762524A3AC0099DCA3 /* OTPUITests.xctest */,
			);
			name = Products;
			sourceTree = "<group>";
		};
		9E1BA3572524A3AB0099DCA3 /* OTP */ = {
			isa = PBXGroup;
			children = (
				9EBDCB3D25252C1000EDB4A6 /* Views */,
				9EBDCB3C25252C0800EDB4A6 /* Model */,
				9E1BA38B2524A6AA0099DCA3 /* GoogleService-Info.plist */,
				9E1BA3582524A3AB0099DCA3 /* AppDelegate.swift */,
				9E1BA35A2524A3AB0099DCA3 /* SceneDelegate.swift */,
				9E1BA35C2524A3AB0099DCA3 /* ContentView.swift */,
				9E1BA35E2524A3AC0099DCA3 /* Assets.xcassets */,
				9E1BA3632524A3AC0099DCA3 /* LaunchScreen.storyboard */,
				9E1BA3662524A3AC0099DCA3 /* Info.plist */,
				9E1BA3602524A3AC0099DCA3 /* Preview Content */,
			);
			path = OTP;
			sourceTree = "<group>";
		};
		9E1BA3602524A3AC0099DCA3 /* Preview Content */ = {
			isa = PBXGroup;
			children = (
				9E1BA3612524A3AC0099DCA3 /* Preview Assets.xcassets */,
			);
			path = "Preview Content";
			sourceTree = "<group>";
		};
		9E1BA36E2524A3AC0099DCA3 /* OTPTests */ = {
			isa = PBXGroup;
			children = (
				9E1BA36F2524A3AC0099DCA3 /* OTPTests.swift */,
				9E1BA3712524A3AC0099DCA3 /* Info.plist */,
			);
			path = OTPTests;
			sourceTree = "<group>";
		};
		9E1BA3792524A3AC0099DCA3 /* OTPUITests */ = {
			isa = PBXGroup;
			children = (
				9E1BA37A2524A3AC0099DCA3 /* OTPUITests.swift */,
				9E1BA37C2524A3AC0099DCA3 /* Info.plist */,
			);
			path = OTPUITests;
			sourceTree = "<group>";
		};
		9EBDCB3C25252C0800EDB4A6 /* Model */ = {
			isa = PBXGroup;
			children = (
				9EBDCB6725252D5100EDB4A6 /* CheckUser.swift */,
				9EBDCB6C25252D7900EDB4A6 /* CreateUser.swift */,
			);
			path = Model;
			sourceTree = "<group>";
		};
		9EBDCB3D25252C1000EDB4A6 /* Views */ = {
			isa = PBXGroup;
			children = (
				9EBDCB3E25252C3100EDB4A6 /* ImagePicker.swift */,
				9EBDCB4325252C5E00EDB4A6 /* Indicator.swift */,
				9EBDCB4B25252C8E00EDB4A6 /* AccountCreation.swift */,
				9EBDCB5825252CCE00EDB4A6 /* Home.swift */,
				9EBDCB5D25252CF300EDB4A6 /* SecondPage.swift */,
				9EBDCB6225252D1C00EDB4A6 /* FirstPage.swift */,
			);
			path = Views;
			sourceTree = "<group>";
		};
		A92C40D9A5B6CD5DFCD29CFD /* Pods */ = {
			isa = PBXGroup;
			children = (
				34832F05DF0C0D8F219231B3 /* Pods-OTP.debug.xcconfig */,
				997CB1C1173F292399245E5B /* Pods-OTP.release.xcconfig */,
				6F251A8BE0D5A86FC9DC2111 /* Pods-OTP-OTPUITests.debug.xcconfig */,
				06A241CD5F17B799C76759FD /* Pods-OTP-OTPUITests.release.xcconfig */,
				D6B8024A6B2A9ECE59893D66 /* Pods-OTPTests.debug.xcconfig */,
				1B63DE10217D9D7F1E6F25FD /* Pods-OTPTests.release.xcconfig */,
			);
			path = Pods;
			sourceTree = "<group>";
		};
/* End PBXGroup section */

/* Begin PBXNativeTarget section */
		9E1BA3542524A3AB0099DCA3 /* OTP */ = {
			isa = PBXNativeTarget;
			buildConfigurationList = 9E1BA37F2524A3AC0099DCA3 /* Build configuration list for PBXNativeTarget "OTP" */;
			buildPhases = (
				5E9845A162976648A0115382 /* [CP] Check Pods Manifest.lock */,
				9E1BA3512524A3AB0099DCA3 /* Sources */,
				9E1BA3522524A3AB0099DCA3 /* Frameworks */,
				9E1BA3532524A3AB0099DCA3 /* Resources */,
				C701DC1E5CBD88C700E33C8F /* [CP] Embed Pods Frameworks */,
			);
			buildRules = (
			);
			dependencies = (
			);
			name = OTP;
			productName = OTP;
			productReference = 9E1BA3552524A3AB0099DCA3 /* OTP.app */;
			productType = "com.apple.product-type.application";
		};
		9E1BA36A2524A3AC0099DCA3 /* OTPTests */ = {
			isa = PBXNativeTarget;
			buildConfigurationList = 9E1BA3822524A3AC0099DCA3 /* Build configuration list for PBXNativeTarget "OTPTests" */;
			buildPhases = (
				C10A252528C3A45A4A00B74B /* [CP] Check Pods Manifest.lock */,
				9E1BA3672524A3AC0099DCA3 /* Sources */,
				9E1BA3682524A3AC0099DCA3 /* Frameworks */,
				9E1BA3692524A3AC0099DCA3 /* Resources */,
			);
			buildRules = (
			);
			dependencies = (
				9E1BA36D2524A3AC0099DCA3 /* PBXTargetDependency */,
			);
			name = OTPTests;
			productName = OTPTests;
			productReference = 9E1BA36B2524A3AC0099DCA3 /* OTPTests.xctest */;
			productType = "com.apple.product-type.bundle.unit-test";
		};
		9E1BA3752524A3AC0099DCA3 /* OTPUITests */ = {
			isa = PBXNativeTarget;
			buildConfigurationList = 9E1BA3852524A3AC0099DCA3 /* Build configuration list for PBXNativeTarget "OTPUITests" */;
			buildPhases = (
				7D0780AA8724A0D90FC9B282 /* [CP] Check Pods Manifest.lock */,
				9E1BA3722524A3AC0099DCA3 /* Sources */,
				9E1BA3732524A3AC0099DCA3 /* Frameworks */,
				9E1BA3742524A3AC0099DCA3 /* Resources */,
				50D7C95AF810C1FA27C8F2BF /* [CP] Embed Pods Frameworks */,
			);
			buildRules = (
			);
			dependencies = (
				9E1BA3782524A3AC0099DCA3 /* PBXTargetDependency */,
			);
			name = OTPUITests;
			productName = OTPUITests;
			productReference = 9E1BA3762524A3AC0099DCA3 /* OTPUITests.xctest */;
			productType = "com.apple.product-type.bundle.ui-testing";
		};
/* End PBXNativeTarget section */

/* Begin PBXProject section */
		9E1BA34D2524A3AB0099DCA3 /* Project object */ = {
			isa = PBXProject;
			attributes = {
				LastSwiftUpdateCheck = 1200;
				LastUpgradeCheck = 1200;
				TargetAttributes = {
					9E1BA3542524A3AB0099DCA3 = {
						CreatedOnToolsVersion = 12.0.1;
					};
					9E1BA36A2524A3AC0099DCA3 = {
						CreatedOnToolsVersion = 12.0.1;
						TestTargetID = 9E1BA3542524A3AB0099DCA3;
					};
					9E1BA3752524A3AC0099DCA3 = {
						CreatedOnToolsVersion = 12.0.1;
						TestTargetID = 9E1BA3542524A3AB0099DCA3;
					};
				};
			};
			buildConfigurationList = 9E1BA3502524A3AB0099DCA3 /* Build configuration list for PBXProject "OTP" */;
			compatibilityVersion = "Xcode 9.3";
			developmentRegion = en;
			hasScannedForEncodings = 0;
			knownRegions = (
				en,
				Base,
			);
			mainGroup = 9E1BA34C2524A3AB0099DCA3;
			productRefGroup = 9E1BA3562524A3AB0099DCA3 /* Products */;
			projectDirPath = "";
			projectRoot = "";
			targets = (
				9E1BA3542524A3AB0099DCA3 /* OTP */,
				9E1BA36A2524A3AC0099DCA3 /* OTPTests */,
				9E1BA3752524A3AC0099DCA3 /* OTPUITests */,
			);
		};
/* End PBXProject section */

/* Begin PBXResourcesBuildPhase section */
		9E1BA3532524A3AB0099DCA3 /* Resources */ = {
			isa = PBXResourcesBuildPhase;
			buildActionMask = 2147483647;
			files = (
				9E1BA3652524A3AC0099DCA3 /* LaunchScreen.storyboard in Resources */,
				9E1BA38C2524A6AA0099DCA3 /* GoogleService-Info.plist in Resources */,
				9E1BA3622524A3AC0099DCA3 /* Preview Assets.xcassets in Resources */,
				9E1BA35F2524A3AC0099DCA3 /* Assets.xcassets in Resources */,
			);
			runOnlyForDeploymentPostprocessing = 0;
		};
		9E1BA3692524A3AC0099DCA3 /* Resources */ = {
			isa = PBXResourcesBuildPhase;
			buildActionMask = 2147483647;
			files = (
			);
			runOnlyForDeploymentPostprocessing = 0;
		};
		9E1BA3742524A3AC0099DCA3 /* Resources */ = {
			isa = PBXResourcesBuildPhase;
			buildActionMask = 2147483647;
			files = (
			);
			runOnlyForDeploymentPostprocessing = 0;
		};
/* End PBXResourcesBuildPhase section */

/* Begin PBXShellScriptBuildPhase section */
		50D7C95AF810C1FA27C8F2BF /* [CP] Embed Pods Frameworks */ = {
			isa = PBXShellScriptBuildPhase;
			buildActionMask = 2147483647;
			files = (
			);
			inputFileListPaths = (
				"${PODS_ROOT}/Target Support Files/Pods-OTP-OTPUITests/Pods-OTP-OTPUITests-frameworks-${CONFIGURATION}-input-files.xcfilelist",
			);
			name = "[CP] Embed Pods Frameworks";
			outputFileListPaths = (
				"${PODS_ROOT}/Target Support Files/Pods-OTP-OTPUITests/Pods-OTP-OTPUITests-frameworks-${CONFIGURATION}-output-files.xcfilelist",
			);
			runOnlyForDeploymentPostprocessing = 0;
			shellPath = /bin/sh;
			shellScript = "\"${PODS_ROOT}/Target Support Files/Pods-OTP-OTPUITests/Pods-OTP-OTPUITests-frameworks.sh\"\n";
			showEnvVarsInLog = 0;
		};
		5E9845A162976648A0115382 /* [CP] Check Pods Manifest.lock */ = {
			isa = PBXShellScriptBuildPhase;
			buildActionMask = 2147483647;
			files = (
			);
			inputFileListPaths = (
			);
			inputPaths = (
				"${PODS_PODFILE_DIR_PATH}/Podfile.lock",
				"${PODS_ROOT}/Manifest.lock",
			);
			name = "[CP] Check Pods Manifest.lock";
			outputFileListPaths = (
			);
			outputPaths = (
				"$(DERIVED_FILE_DIR)/Pods-OTP-checkManifestLockResult.txt",
			);
			runOnlyForDeploymentPostprocessing = 0;
			shellPath = /bin/sh;
			shellScript = "diff \"${PODS_PODFILE_DIR_PATH}/Podfile.lock\" \"${PODS_ROOT}/Manifest.lock\" > /dev/null\nif [ $? != 0 ] ; then\n    # print error to STDERR\n    echo \"error: The sandbox is not in sync with the Podfile.lock. Run 'pod install' or update your CocoaPods installation.\" >&2\n    exit 1\nfi\n# This output is used by Xcode 'outputs' to avoid re-running this script phase.\necho \"SUCCESS\" > \"${SCRIPT_OUTPUT_FILE_0}\"\n";
			showEnvVarsInLog = 0;
		};
		7D0780AA8724A0D90FC9B282 /* [CP] Check Pods Manifest.lock */ = {
			isa = PBXShellScriptBuildPhase;
			buildActionMask = 2147483647;
			files = (
			);
			inputFileListPaths = (
			);
			inputPaths = (
				"${PODS_PODFILE_DIR_PATH}/Podfile.lock",
				"${PODS_ROOT}/Manifest.lock",
			);
			name = "[CP] Check Pods Manifest.lock";
			outputFileListPaths = (
			);
			outputPaths = (
				"$(DERIVED_FILE_DIR)/Pods-OTP-OTPUITests-checkManifestLockResult.txt",
			);
			runOnlyForDeploymentPostprocessing = 0;
			shellPath = /bin/sh;
			shellScript = "diff \"${PODS_PODFILE_DIR_PATH}/Podfile.lock\" \"${PODS_ROOT}/Manifest.lock\" > /dev/null\nif [ $? != 0 ] ; then\n    # print error to STDERR\n    echo \"error: The sandbox is not in sync with the Podfile.lock. Run 'pod install' or update your CocoaPods installation.\" >&2\n    exit 1\nfi\n# This output is used by Xcode 'outputs' to avoid re-running this script phase.\necho \"SUCCESS\" > \"${SCRIPT_OUTPUT_FILE_0}\"\n";
			showEnvVarsInLog = 0;
		};
		C10A252528C3A45A4A00B74B /* [CP] Check Pods Manifest.lock */ = {
			isa = PBXShellScriptBuildPhase;
			buildActionMask = 2147483647;
			files = (
			);
			inputFileListPaths = (
			);
			inputPaths = (
				"${PODS_PODFILE_DIR_PATH}/Podfile.lock",
				"${PODS_ROOT}/Manifest.lock",
			);
			name = "[CP] Check Pods Manifest.lock";
			outputFileListPaths = (
			);
			outputPaths = (
				"$(DERIVED_FILE_DIR)/Pods-OTPTests-checkManifestLockResult.txt",
			);
			runOnlyForDeploymentPostprocessing = 0;
			shellPath = /bin/sh;
			shellScript = "diff \"${PODS_PODFILE_DIR_PATH}/Podfile.lock\" \"${PODS_ROOT}/Manifest.lock\" > /dev/null\nif [ $? != 0 ] ; then\n    # print error to STDERR\n    echo \"error: The sandbox is not in sync with the Podfile.lock. Run 'pod install' or update your CocoaPods installation.\" >&2\n    exit 1\nfi\n# This output is used by Xcode 'outputs' to avoid re-running this script phase.\necho \"SUCCESS\" > \"${SCRIPT_OUTPUT_FILE_0}\"\n";
			showEnvVarsInLog = 0;
		};
		C701DC1E5CBD88C700E33C8F /* [CP] Embed Pods Frameworks */ = {
			isa = PBXShellScriptBuildPhase;
			buildActionMask = 2147483647;
			files = (
			);
			inputFileListPaths = (
				"${PODS_ROOT}/Target Support Files/Pods-OTP/Pods-OTP-frameworks-${CONFIGURATION}-input-files.xcfilelist",
			);
			name = "[CP] Embed Pods Frameworks";
			outputFileListPaths = (
				"${PODS_ROOT}/Target Support Files/Pods-OTP/Pods-OTP-frameworks-${CONFIGURATION}-output-files.xcfilelist",
			);
			runOnlyForDeploymentPostprocessing = 0;
			shellPath = /bin/sh;
			shellScript = "\"${PODS_ROOT}/Target Support Files/Pods-OTP/Pods-OTP-frameworks.sh\"\n";
			showEnvVarsInLog = 0;
		};
/* End PBXShellScriptBuildPhase section */

/* Begin PBXSourcesBuildPhase section */
		9E1BA3512524A3AB0099DCA3 /* Sources */ = {
			isa = PBXSourcesBuildPhase;
			buildActionMask = 2147483647;
			files = (
				9E1BA3592524A3AB0099DCA3 /* AppDelegate.swift in Sources */,
				9EBDCB3F25252C3100EDB4A6 /* ImagePicker.swift in Sources */,
				9EBDCB4C25252C8E00EDB4A6 /* AccountCreation.swift in Sources */,
				9E1BA35B2524A3AB0099DCA3 /* SceneDelegate.swift in Sources */,
				9EBDCB5E25252CF300EDB4A6 /* SecondPage.swift in Sources */,
				9EBDCB6325252D1C00EDB4A6 /* FirstPage.swift in Sources */,
				9EBDCB4425252C5E00EDB4A6 /* Indicator.swift in Sources */,
				9EBDCB6825252D5100EDB4A6 /* CheckUser.swift in Sources */,
				9E1BA35D2524A3AB0099DCA3 /* ContentView.swift in Sources */,
				9EBDCB5925252CCE00EDB4A6 /* Home.swift in Sources */,
				9EBDCB6D25252D7900EDB4A6 /* CreateUser.swift in Sources */,
			);
			runOnlyForDeploymentPostprocessing = 0;
		};
		9E1BA3672524A3AC0099DCA3 /* Sources */ = {
			isa = PBXSourcesBuildPhase;
			buildActionMask = 2147483647;
			files = (
				9E1BA3702524A3AC0099DCA3 /* OTPTests.swift in Sources */,
			);
			runOnlyForDeploymentPostprocessing = 0;
		};
		9E1BA3722524A3AC0099DCA3 /* Sources */ = {
			isa = PBXSourcesBuildPhase;
			buildActionMask = 2147483647;
			files = (
				9E1BA37B2524A3AC0099DCA3 /* OTPUITests.swift in Sources */,
			);
			runOnlyForDeploymentPostprocessing = 0;
		};
/* End PBXSourcesBuildPhase section */

/* Begin PBXTargetDependency section */
		9E1BA36D2524A3AC0099DCA3 /* PBXTargetDependency */ = {
			isa = PBXTargetDependency;
			target = 9E1BA3542524A3AB0099DCA3 /* OTP */;
			targetProxy = 9E1BA36C2524A3AC0099DCA3 /* PBXContainerItemProxy */;
		};
		9E1BA3782524A3AC0099DCA3 /* PBXTargetDependency */ = {
			isa = PBXTargetDependency;
			target = 9E1BA3542524A3AB0099DCA3 /* OTP */;
			targetProxy = 9E1BA3772524A3AC0099DCA3 /* PBXContainerItemProxy */;
		};
/* End PBXTargetDependency section */

/* Begin PBXVariantGroup section */
		9E1BA3632524A3AC0099DCA3 /* LaunchScreen.storyboard */ = {
			isa = PBXVariantGroup;
			children = (
				9E1BA3642524A3AC0099DCA3 /* Base */,
			);
			name = LaunchScreen.storyboard;
			sourceTree = "<group>";
		};
/* End PBXVariantGroup section */

/* Begin XCBuildConfiguration section */
		9E1BA37D2524A3AC0099DCA3 /* Debug */ = {
			isa = XCBuildConfiguration;
			buildSettings = {
				ALWAYS_SEARCH_USER_PATHS = NO;
				CLANG_ANALYZER_NONNULL = YES;
				CLANG_ANALYZER_NUMBER_OBJECT_CONVERSION = YES_AGGRESSIVE;
				CLANG_CXX_LANGUAGE_STANDARD = "gnu++14";
				CLANG_CXX_LIBRARY = "libc++";
				CLANG_ENABLE_MODULES = YES;
				CLANG_ENABLE_OBJC_ARC = YES;
				CLANG_ENABLE_OBJC_WEAK = YES;
				CLANG_WARN_BLOCK_CAPTURE_AUTORELEASING = YES;
				CLANG_WARN_BOOL_CONVERSION = YES;
				CLANG_WARN_COMMA = YES;
				CLANG_WARN_CONSTANT_CONVERSION = YES;
				CLANG_WARN_DEPRECATED_OBJC_IMPLEMENTATIONS = YES;
				CLANG_WARN_DIRECT_OBJC_ISA_USAGE = YES_ERROR;
				CLANG_WARN_DOCUMENTATION_COMMENTS = YES;
				CLANG_WARN_EMPTY_BODY = YES;
				CLANG_WARN_ENUM_CONVERSION = YES;
				CLANG_WARN_INFINITE_RECURSION = YES;
				CLANG_WARN_INT_CONVERSION = YES;
				CLANG_WARN_NON_LITERAL_NULL_CONVERSION = YES;
				CLANG_WARN_OBJC_IMPLICIT_RETAIN_SELF = YES;
				CLANG_WARN_OBJC_LITERAL_CONVERSION = YES;
				CLANG_WARN_OBJC_ROOT_CLASS = YES_ERROR;
				CLANG_WARN_QUOTED_INCLUDE_IN_FRAMEWORK_HEADER = YES;
				CLANG_WARN_RANGE_LOOP_ANALYSIS = YES;
				CLANG_WARN_STRICT_PROTOTYPES = YES;
				CLANG_WARN_SUSPICIOUS_MOVE = YES;
				CLANG_WARN_UNGUARDED_AVAILABILITY = YES_AGGRESSIVE;
				CLANG_WARN_UNREACHABLE_CODE = YES;
				CLANG_WARN__DUPLICATE_METHOD_MATCH = YES;
				COPY_PHASE_STRIP = NO;
				DEBUG_INFORMATION_FORMAT = dwarf;
				ENABLE_STRICT_OBJC_MSGSEND = YES;
				ENABLE_TESTABILITY = YES;
				GCC_C_LANGUAGE_STANDARD = gnu11;
				GCC_DYNAMIC_NO_PIC = NO;
				GCC_NO_COMMON_BLOCKS = YES;
				GCC_OPTIMIZATION_LEVEL = 0;
				GCC_PREPROCESSOR_DEFINITIONS = (
					"DEBUG=1",
					"$(inherited)",
				);
				GCC_WARN_64_TO_32_BIT_CONVERSION = YES;
				GCC_WARN_ABOUT_RETURN_TYPE = YES_ERROR;
				GCC_WARN_UNDECLARED_SELECTOR = YES;
				GCC_WARN_UNINITIALIZED_AUTOS = YES_AGGRESSIVE;
				GCC_WARN_UNUSED_FUNCTION = YES;
				GCC_WARN_UNUSED_VARIABLE = YES;
				IPHONEOS_DEPLOYMENT_TARGET = 14.0;
				MTL_ENABLE_DEBUG_INFO = INCLUDE_SOURCE;
				MTL_FAST_MATH = YES;
				ONLY_ACTIVE_ARCH = YES;
				SDKROOT = iphoneos;
				SWIFT_ACTIVE_COMPILATION_CONDITIONS = DEBUG;
				SWIFT_OPTIMIZATION_LEVEL = "-Onone";
			};
			name = Debug;
		};
		9E1BA37E2524A3AC0099DCA3 /* Release */ = {
			isa = XCBuildConfiguration;
			buildSettings = {
				ALWAYS_SEARCH_USER_PATHS = NO;
				CLANG_ANALYZER_NONNULL = YES;
				CLANG_ANALYZER_NUMBER_OBJECT_CONVERSION = YES_AGGRESSIVE;
				CLANG_CXX_LANGUAGE_STANDARD = "gnu++14";
				CLANG_CXX_LIBRARY = "libc++";
				CLANG_ENABLE_MODULES = YES;
				CLANG_ENABLE_OBJC_ARC = YES;
				CLANG_ENABLE_OBJC_WEAK = YES;
				CLANG_WARN_BLOCK_CAPTURE_AUTORELEASING = YES;
				CLANG_WARN_BOOL_CONVERSION = YES;
				CLANG_WARN_COMMA = YES;
				CLANG_WARN_CONSTANT_CONVERSION = YES;
				CLANG_WARN_DEPRECATED_OBJC_IMPLEMENTATIONS = YES;
				CLANG_WARN_DIRECT_OBJC_ISA_USAGE = YES_ERROR;
				CLANG_WARN_DOCUMENTATION_COMMENTS = YES;
				CLANG_WARN_EMPTY_BODY = YES;
				CLANG_WARN_ENUM_CONVERSION = YES;
				CLANG_WARN_INFINITE_RECURSION = YES;
				CLANG_WARN_INT_CONVERSION = YES;
				CLANG_WARN_NON_LITERAL_NULL_CONVERSION = YES;
				CLANG_WARN_OBJC_IMPLICIT_RETAIN_SELF = YES;
				CLANG_WARN_OBJC_LITERAL_CONVERSION = YES;
				CLANG_WARN_OBJC_ROOT_CLASS = YES_ERROR;
				CLANG_WARN_QUOTED_INCLUDE_IN_FRAMEWORK_HEADER = YES;
				CLANG_WARN_RANGE_LOOP_ANALYSIS = YES;
				CLANG_WARN_STRICT_PROTOTYPES = YES;
				CLANG_WARN_SUSPICIOUS_MOVE = YES;
				CLANG_WARN_UNGUARDED_AVAILABILITY = YES_AGGRESSIVE;
				CLANG_WARN_UNREACHABLE_CODE = YES;
				CLANG_WARN__DUPLICATE_METHOD_MATCH = YES;
				COPY_PHASE_STRIP = NO;
				DEBUG_INFORMATION_FORMAT = "dwarf-with-dsym";
				ENABLE_NS_ASSERTIONS = NO;
				ENABLE_STRICT_OBJC_MSGSEND = YES;
				GCC_C_LANGUAGE_STANDARD = gnu11;
				GCC_NO_COMMON_BLOCKS = YES;
				GCC_WARN_64_TO_32_BIT_CONVERSION = YES;
				GCC_WARN_ABOUT_RETURN_TYPE = YES_ERROR;
				GCC_WARN_UNDECLARED_SELECTOR = YES;
				GCC_WARN_UNINITIALIZED_AUTOS = YES_AGGRESSIVE;
				GCC_WARN_UNUSED_FUNCTION = YES;
				GCC_WARN_UNUSED_VARIABLE = YES;
				IPHONEOS_DEPLOYMENT_TARGET = 14.0;
				MTL_ENABLE_DEBUG_INFO = NO;
				MTL_FAST_MATH = YES;
				SDKROOT = iphoneos;
				SWIFT_COMPILATION_MODE = wholemodule;
				SWIFT_OPTIMIZATION_LEVEL = "-O";
				VALIDATE_PRODUCT = YES;
			};
			name = Release;
		};
		9E1BA3802524A3AC0099DCA3 /* Debug */ = {
			isa = XCBuildConfiguration;
			baseConfigurationReference = 34832F05DF0C0D8F219231B3 /* Pods-OTP.debug.xcconfig */;
			buildSettings = {
				ASSETCATALOG_COMPILER_APPICON_NAME = AppIcon;
				ASSETCATALOG_COMPILER_GLOBAL_ACCENT_COLOR_NAME = AccentColor;
				CODE_SIGN_STYLE = Automatic;
				DEVELOPMENT_ASSET_PATHS = "\"OTP/Preview Content\"";
				ENABLE_PREVIEWS = YES;
				INFOPLIST_FILE = OTP/Info.plist;
				LD_RUNPATH_SEARCH_PATHS = (
					"$(inherited)",
					"@executable_path/Frameworks",
				);
				PRODUCT_BUNDLE_IDENTIFIER = MaximMacari.OTP;
				PRODUCT_NAME = "$(TARGET_NAME)";
				SWIFT_VERSION = 5.0;
				TARGETED_DEVICE_FAMILY = "1,2";
			};
			name = Debug;
		};
		9E1BA3812524A3AC0099DCA3 /* Release */ = {
			isa = XCBuildConfiguration;
			baseConfigurationReference = 997CB1C1173F292399245E5B /* Pods-OTP.release.xcconfig */;
			buildSettings = {
				ASSETCATALOG_COMPILER_APPICON_NAME = AppIcon;
				ASSETCATALOG_COMPILER_GLOBAL_ACCENT_COLOR_NAME = AccentColor;
				CODE_SIGN_STYLE = Automatic;
				DEVELOPMENT_ASSET_PATHS = "\"OTP/Preview Content\"";
				ENABLE_PREVIEWS = YES;
				INFOPLIST_FILE = OTP/Info.plist;
				LD_RUNPATH_SEARCH_PATHS = (
					"$(inherited)",
					"@executable_path/Frameworks",
				);
				PRODUCT_BUNDLE_IDENTIFIER = MaximMacari.OTP;
				PRODUCT_NAME = "$(TARGET_NAME)";
				SWIFT_VERSION = 5.0;
				TARGETED_DEVICE_FAMILY = "1,2";
			};
			name = Release;
		};
		9E1BA3832524A3AC0099DCA3 /* Debug */ = {
			isa = XCBuildConfiguration;
			baseConfigurationReference = D6B8024A6B2A9ECE59893D66 /* Pods-OTPTests.debug.xcconfig */;
			buildSettings = {
				ALWAYS_EMBED_SWIFT_STANDARD_LIBRARIES = YES;
				BUNDLE_LOADER = "$(TEST_HOST)";
				CODE_SIGN_STYLE = Automatic;
				INFOPLIST_FILE = OTPTests/Info.plist;
				IPHONEOS_DEPLOYMENT_TARGET = 14.0;
				LD_RUNPATH_SEARCH_PATHS = (
					"$(inherited)",
					"@executable_path/Frameworks",
					"@loader_path/Frameworks",
				);
				PRODUCT_BUNDLE_IDENTIFIER = MaximMacari.OTPTests;
				PRODUCT_NAME = "$(TARGET_NAME)";
				SWIFT_VERSION = 5.0;
				TARGETED_DEVICE_FAMILY = "1,2";
				TEST_HOST = "$(BUILT_PRODUCTS_DIR)/OTP.app/OTP";
			};
			name = Debug;
		};
		9E1BA3842524A3AC0099DCA3 /* Release */ = {
			isa = XCBuildConfiguration;
			baseConfigurationReference = 1B63DE10217D9D7F1E6F25FD /* Pods-OTPTests.release.xcconfig */;
			buildSettings = {
				ALWAYS_EMBED_SWIFT_STANDARD_LIBRARIES = YES;
				BUNDLE_LOADER = "$(TEST_HOST)";
				CODE_SIGN_STYLE = Automatic;
				INFOPLIST_FILE = OTPTests/Info.plist;
				IPHONEOS_DEPLOYMENT_TARGET = 14.0;
				LD_RUNPATH_SEARCH_PATHS = (
					"$(inherited)",
					"@executable_path/Frameworks",
					"@loader_path/Frameworks",
				);
				PRODUCT_BUNDLE_IDENTIFIER = MaximMacari.OTPTests;
				PRODUCT_NAME = "$(TARGET_NAME)";
				SWIFT_VERSION = 5.0;
				TARGETED_DEVICE_FAMILY = "1,2";
				TEST_HOST = "$(BUILT_PRODUCTS_DIR)/OTP.app/OTP";
			};
			name = Release;
		};
		9E1BA3862524A3AC0099DCA3 /* Debug */ = {
			isa = XCBuildConfiguration;
			baseConfigurationReference = 6F251A8BE0D5A86FC9DC2111 /* Pods-OTP-OTPUITests.debug.xcconfig */;
			buildSettings = {
				ALWAYS_EMBED_SWIFT_STANDARD_LIBRARIES = YES;
				CODE_SIGN_STYLE = Automatic;
				INFOPLIST_FILE = OTPUITests/Info.plist;
				LD_RUNPATH_SEARCH_PATHS = (
					"$(inherited)",
					"@executable_path/Frameworks",
					"@loader_path/Frameworks",
				);
				PRODUCT_BUNDLE_IDENTIFIER = MaximMacari.OTPUITests;
				PRODUCT_NAME = "$(TARGET_NAME)";
				SWIFT_VERSION = 5.0;
				TARGETED_DEVICE_FAMILY = "1,2";
				TEST_TARGET_NAME = OTP;
			};
			name = Debug;
		};
		9E1BA3872524A3AC0099DCA3 /* Release */ = {
			isa = XCBuildConfiguration;
			baseConfigurationReference = 06A241CD5F17B799C76759FD /* Pods-OTP-OTPUITests.release.xcconfig */;
			buildSettings = {
				ALWAYS_EMBED_SWIFT_STANDARD_LIBRARIES = YES;
				CODE_SIGN_STYLE = Automatic;
				INFOPLIST_FILE = OTPUITests/Info.plist;
				LD_RUNPATH_SEARCH_PATHS = (
					"$(inherited)",
					"@executable_path/Frameworks",
					"@loader_path/Frameworks",
				);
				PRODUCT_BUNDLE_IDENTIFIER = MaximMacari.OTPUITests;
				PRODUCT_NAME = "$(TARGET_NAME)";
				SWIFT_VERSION = 5.0;
				TARGETED_DEVICE_FAMILY = "1,2";
				TEST_TARGET_NAME = OTP;
			};
			name = Release;
		};
/* End XCBuildConfiguration section */

/* Begin XCConfigurationList section */
		9E1BA3502524A3AB0099DCA3 /* Build configuration list for PBXProject "OTP" */ = {
			isa = XCConfigurationList;
			buildConfigurations = (
				9E1BA37D2524A3AC0099DCA3 /* Debug */,
				9E1BA37E2524A3AC0099DCA3 /* Release */,
			);
			defaultConfigurationIsVisible = 0;
			defaultConfigurationName = Release;
		};
		9E1BA37F2524A3AC0099DCA3 /* Build configuration list for PBXNativeTarget "OTP" */ = {
			isa = XCConfigurationList;
			buildConfigurations = (
				9E1BA3802524A3AC0099DCA3 /* Debug */,
				9E1BA3812524A3AC0099DCA3 /* Release */,
			);
			defaultConfigurationIsVisible = 0;
			defaultConfigurationName = Release;
		};
		9E1BA3822524A3AC0099DCA3 /* Build configuration list for PBXNativeTarget "OTPTests" */ = {
			isa = XCConfigurationList;
			buildConfigurations = (
				9E1BA3832524A3AC0099DCA3 /* Debug */,
				9E1BA3842524A3AC0099DCA3 /* Release */,
			);
			defaultConfigurationIsVisible = 0;
			defaultConfigurationName = Release;
		};
		9E1BA3852524A3AC0099DCA3 /* Build configuration list for PBXNativeTarget "OTPUITests" */ = {
			isa = XCConfigurationList;
			buildConfigurations = (
				9E1BA3862524A3AC0099DCA3 /* Debug */,
				9E1BA3872524A3AC0099DCA3 /* Release */,
			);
			defaultConfigurationIsVisible = 0;
			defaultConfigurationName = Release;
		};
/* End XCConfigurationList section */
	};
	rootObject = 9E1BA34D2524A3AB0099DCA3 /* Project object */;
}
